// !$*UTF8*$!
{
	archiveVersion = 1;
	classes = {
	};
	objectVersion = 46;
	objects = {

/* Begin PBXBuildFile section */
		048686141BE862D400EA7EF5 /* main.m in Sources */ = {isa = PBXBuildFile; fileRef = 048686131BE862D400EA7EF5 /* main.m */; };
		048686171BE862D400EA7EF5 /* AppDelegate.m in Sources */ = {isa = PBXBuildFile; fileRef = 048686161BE862D400EA7EF5 /* AppDelegate.m */; };
		0486861A1BE862D400EA7EF5 /* ViewController.m in Sources */ = {isa = PBXBuildFile; fileRef = 048686191BE862D400EA7EF5 /* ViewController.m */; };
		0486861D1BE862D400EA7EF5 /* Main.storyboard in Resources */ = {isa = PBXBuildFile; fileRef = 0486861B1BE862D400EA7EF5 /* Main.storyboard */; };
		0486861F1BE862D400EA7EF5 /* Assets.xcassets in Resources */ = {isa = PBXBuildFile; fileRef = 0486861E1BE862D400EA7EF5 /* Assets.xcassets */; };
		048686221BE862D400EA7EF5 /* LaunchScreen.storyboard in Resources */ = {isa = PBXBuildFile; fileRef = 048686201BE862D400EA7EF5 /* LaunchScreen.storyboard */; };
		0486862D1BE862D400EA7EF5 /* UIScrollView02Tests.m in Sources */ = {isa = PBXBuildFile; fileRef = 0486862C1BE862D400EA7EF5 /* UIScrollView02Tests.m */; };
		048686381BE862D400EA7EF5 /* UIScrollView02UITests.m in Sources */ = {isa = PBXBuildFile; fileRef = 048686371BE862D400EA7EF5 /* UIScrollView02UITests.m */; };
		048686491BE862E000EA7EF5 /* 0.jpg in Resources */ = {isa = PBXBuildFile; fileRef = 048686451BE862E000EA7EF5 /* 0.jpg */; };
		0486864A1BE862E000EA7EF5 /* 1.jpg in Resources */ = {isa = PBXBuildFile; fileRef = 048686461BE862E000EA7EF5 /* 1.jpg */; };
		0486864B1BE862E000EA7EF5 /* 2.jpg in Resources */ = {isa = PBXBuildFile; fileRef = 048686471BE862E000EA7EF5 /* 2.jpg */; };
		0486864C1BE862E000EA7EF5 /* 3.jpg in Resources */ = {isa = PBXBuildFile; fileRef = 048686481BE862E000EA7EF5 /* 3.jpg */; };
/* End PBXBuildFile section */

/* Begin PBXContainerItemProxy section */
		048686291BE862D400EA7EF5 /* PBXContainerItemProxy */ = {
			isa = PBXContainerItemProxy;
			containerPortal = 048686071BE862D400EA7EF5 /* Project object */;
			proxyType = 1;
			remoteGlobalIDString = 0486860E1BE862D400EA7EF5;
			remoteInfo = UIScrollView02;
		};
		048686341BE862D400EA7EF5 /* PBXContainerItemProxy */ = {
			isa = PBXContainerItemProxy;
			containerPortal = 048686071BE862D400EA7EF5 /* Project object */;
			proxyType = 1;
			remoteGlobalIDString = 0486860E1BE862D400EA7EF5;
			remoteInfo = UIScrollView02;
		};
/* End PBXContainerItemProxy section */

/* Begin PBXFileReference section */
		0486860F1BE862D400EA7EF5 /* UIScrollView02.app */ = {isa = PBXFileReference; explicitFileType = wrapper.application; includeInIndex = 0; path = UIScrollView02.app; sourceTree = BUILT_PRODUCTS_DIR; };
		048686131BE862D400EA7EF5 /* main.m */ = {isa = PBXFileReference; lastKnownFileType = sourcecode.c.objc; path = main.m; sourceTree = "<group>"; };
		048686151BE862D400EA7EF5 /* AppDelegate.h */ = {isa = PBXFileReference; lastKnownFileType = sourcecode.c.h; path = AppDelegate.h; sourceTree = "<group>"; };
		048686161BE862D400EA7EF5 /* AppDelegate.m */ = {isa = PBXFileReference; lastKnownFileType = sourcecode.c.objc; path = AppDelegate.m; sourceTree = "<group>"; };
		048686181BE862D400EA7EF5 /* ViewController.h */ = {isa = PBXFileReference; lastKnownFileType = sourcecode.c.h; path = ViewController.h; sourceTree = "<group>"; };
		048686191BE862D400EA7EF5 /* ViewController.m */ = {isa = PBXFileReference; lastKnownFileType = sourcecode.c.objc; path = ViewController.m; sourceTree = "<group>"; };
		0486861C1BE862D400EA7EF5 /* Base */ = {isa = PBXFileReference; lastKnownFileType = file.storyboard; name = Base; path = Base.lproj/Main.storyboard; sourceTree = "<group>"; };
		0486861E1BE862D400EA7EF5 /* Assets.xcassets */ = {isa = PBXFileReference; lastKnownFileType = folder.assetcatalog; path = Assets.xcassets; sourceTree = "<group>"; };
		048686211BE862D400EA7EF5 /* Base */ = {isa = PBXFileReference; lastKnownFileType = file.storyboard; name = Base; path = Base.lproj/LaunchScreen.storyboard; sourceTree = "<group>"; };
		048686231BE862D400EA7EF5 /* Info.plist */ = {isa = PBXFileReference; lastKnownFileType = text.plist.xml; path = Info.plist; sourceTree = "<group>"; };
		048686281BE862D400EA7EF5 /* UIScrollView02Tests.xctest */ = {isa = PBXFileReference; explicitFileType = wrapper.cfbundle; includeInIndex = 0; path = UIScrollView02Tests.xctest; sourceTree = BUILT_PRODUCTS_DIR; };
		0486862C1BE862D400EA7EF5 /* UIScrollView02Tests.m */ = {isa = PBXFileReference; lastKnownFileType = sourcecode.c.objc; path = UIScrollView02Tests.m; sourceTree = "<group>"; };
		0486862E1BE862D400EA7EF5 /* Info.plist */ = {isa = PBXFileReference; lastKnownFileType = text.plist.xml; path = Info.plist; sourceTree = "<group>"; };
		048686331BE862D400EA7EF5 /* UIScrollView02UITests.xctest */ = {isa = PBXFileReference; explicitFileType = wrapper.cfbundle; includeInIndex = 0; path = UIScrollView02UITests.xctest; sourceTree = BUILT_PRODUCTS_DIR; };
		048686371BE862D400EA7EF5 /* UIScrollView02UITests.m */ = {isa = PBXFileReference; lastKnownFileType = sourcecode.c.objc; path = UIScrollView02UITests.m; sourceTree = "<group>"; };
		048686391BE862D400EA7EF5 /* Info.plist */ = {isa = PBXFileReference; lastKnownFileType = text.plist.xml; path = Info.plist; sourceTree = "<group>"; };
		048686451BE862E000EA7EF5 /* 0.jpg */ = {isa = PBXFileReference; lastKnownFileType = image.jpeg; path = 0.jpg; sourceTree = "<group>"; };
		048686461BE862E000EA7EF5 /* 1.jpg */ = {isa = PBXFileReference; lastKnownFileType = image.jpeg; path = 1.jpg; sourceTree = "<group>"; };
		048686471BE862E000EA7EF5 /* 2.jpg */ = {isa = PBXFileReference; lastKnownFileType = image.jpeg; path = 2.jpg; sourceTree = "<group>"; };
		048686481BE862E000EA7EF5 /* 3.jpg */ = {isa = PBXFileReference; lastKnownFileType = image.jpeg; path = 3.jpg; sourceTree = "<group>"; };
/* End PBXFileReference section */

/* Begin PBXFrameworksBuildPhase section */
		0486860C1BE862D400EA7EF5 /* Frameworks */ = {
			isa = PBXFrameworksBuildPhase;
			buildActionMask = 2147483647;
			files = (
			);
			runOnlyForDeploymentPostprocessing = 0;
		};
		048686251BE862D400EA7EF5 /* Frameworks */ = {
			isa = PBXFrameworksBuildPhase;
			buildActionMask = 2147483647;
			files = (
			);
			runOnlyForDeploymentPostprocessing = 0;
		};
		048686301BE862D400EA7EF5 /* Frameworks */ = {
			isa = PBXFrameworksBuildPhase;
			buildActionMask = 2147483647;
			files = (
			);
			runOnlyForDeploymentPostprocessing = 0;
		};
/* End PBXFrameworksBuildPhase section */

/* Begin PBXGroup section */
		048686061BE862D400EA7EF5 = {
			isa = PBXGroup;
			children = (
				048686451BE862E000EA7EF5 /* 0.jpg */,
				048686461BE862E000EA7EF5 /* 1.jpg */,
				048686471BE862E000EA7EF5 /* 2.jpg */,
				048686481BE862E000EA7EF5 /* 3.jpg */,
				048686111BE862D400EA7EF5 /* UIScrollView02 */,
				0486862B1BE862D400EA7EF5 /* UIScrollView02Tests */,
				048686361BE862D400EA7EF5 /* UIScrollView02UITests */,
				048686101BE862D400EA7EF5 /* Products */,
			);
			sourceTree = "<group>";
		};
		048686101BE862D400EA7EF5 /* Products */ = {
			isa = PBXGroup;
			children = (
				0486860F1BE862D400EA7EF5 /* UIScrollView02.app */,
				048686281BE862D400EA7EF5 /* UIScrollView02Tests.xctest */,
				048686331BE862D400EA7EF5 /* UIScrollView02UITests.xctest */,
			);
			name = Products;
			sourceTree = "<group>";
		};
		048686111BE862D400EA7EF5 /* UIScrollView02 */ = {
			isa = PBXGroup;
			children = (
				048686151BE862D400EA7EF5 /* AppDelegate.h */,
				048686161BE862D400EA7EF5 /* AppDelegate.m */,
				048686181BE862D400EA7EF5 /* ViewController.h */,
				048686191BE862D400EA7EF5 /* ViewController.m */,
				0486861B1BE862D400EA7EF5 /* Main.storyboard */,
				0486861E1BE862D400EA7EF5 /* Assets.xcassets */,
				048686201BE862D400EA7EF5 /* LaunchScreen.storyboard */,
				048686231BE862D400EA7EF5 /* Info.plist */,
				048686121BE862D400EA7EF5 /* Supporting Files */,
			);
			path = UIScrollView02;
			sourceTree = "<group>";
		};
		048686121BE862D400EA7EF5 /* Supporting Files */ = {
			isa = PBXGroup;
			children = (
				048686131BE862D400EA7EF5 /* main.m */,
			);
			name = "Supporting Files";
			sourceTree = "<group>";
		};
		0486862B1BE862D400EA7EF5 /* UIScrollView02Tests */ = {
			isa = PBXGroup;
			children = (
				0486862C1BE862D400EA7EF5 /* UIScrollView02Tests.m */,
				0486862E1BE862D400EA7EF5 /* Info.plist */,
			);
			path = UIScrollView02Tests;
			sourceTree = "<group>";
		};
		048686361BE862D400EA7EF5 /* UIScrollView02UITests */ = {
			isa = PBXGroup;
			children = (
				048686371BE862D400EA7EF5 /* UIScrollView02UITests.m */,
				048686391BE862D400EA7EF5 /* Info.plist */,
			);
			path = UIScrollView02UITests;
			sourceTree = "<group>";
		};
/* End PBXGroup section */

/* Begin PBXNativeTarget section */
		0486860E1BE862D400EA7EF5 /* UIScrollView02 */ = {
			isa = PBXNativeTarget;
			buildConfigurationList = 0486863C1BE862D400EA7EF5 /* Build configuration list for PBXNativeTarget "UIScrollView02" */;
			buildPhases = (
				0486860B1BE862D400EA7EF5 /* Sources */,
				0486860C1BE862D400EA7EF5 /* Frameworks */,
				0486860D1BE862D400EA7EF5 /* Resources */,
			);
			buildRules = (
			);
			dependencies = (
			);
			name = UIScrollView02;
			productName = UIScrollView02;
			productReference = 0486860F1BE862D400EA7EF5 /* UIScrollView02.app */;
			productType = "com.apple.product-type.application";
		};
		048686271BE862D400EA7EF5 /* UIScrollView02Tests */ = {
			isa = PBXNativeTarget;
			buildConfigurationList = 0486863F1BE862D400EA7EF5 /* Build configuration list for PBXNativeTarget "UIScrollView02Tests" */;
			buildPhases = (
				048686241BE862D400EA7EF5 /* Sources */,
				048686251BE862D400EA7EF5 /* Frameworks */,
				048686261BE862D400EA7EF5 /* Resources */,
			);
			buildRules = (
			);
			dependencies = (
				0486862A1BE862D400EA7EF5 /* PBXTargetDependency */,
			);
			name = UIScrollView02Tests;
			productName = UIScrollView02Tests;
			productReference = 048686281BE862D400EA7EF5 /* UIScrollView02Tests.xctest */;
			productType = "com.apple.product-type.bundle.unit-test";
		};
		048686321BE862D400EA7EF5 /* UIScrollView02UITests */ = {
			isa = PBXNativeTarget;
			buildConfigurationList = 048686421BE862D400EA7EF5 /* Build configuration list for PBXNativeTarget "UIScrollView02UITests" */;
			buildPhases = (
				0486862F1BE862D400EA7EF5 /* Sources */,
				048686301BE862D400EA7EF5 /* Frameworks */,
				048686311BE862D400EA7EF5 /* Resources */,
			);
			buildRules = (
			);
			dependencies = (
				048686351BE862D400EA7EF5 /* PBXTargetDependency */,
			);
			name = UIScrollView02UITests;
			productName = UIScrollView02UITests;
			productReference = 048686331BE862D400EA7EF5 /* UIScrollView02UITests.xctest */;
			productType = "com.apple.product-type.bundle.ui-testing";
		};
/* End PBXNativeTarget section */

/* Begin PBXProject section */
		048686071BE862D400EA7EF5 /* Project object */ = {
			isa = PBXProject;
			attributes = {
				LastUpgradeCheck = 0710;
				ORGANIZATIONNAME = LQ;
				TargetAttributes = {
					0486860E1BE862D400EA7EF5 = {
						CreatedOnToolsVersion = 7.1;
					};
					048686271BE862D400EA7EF5 = {
						CreatedOnToolsVersion = 7.1;
						TestTargetID = 0486860E1BE862D400EA7EF5;
					};
					048686321BE862D400EA7EF5 = {
						CreatedOnToolsVersion = 7.1;
						TestTargetID = 0486860E1BE862D400EA7EF5;
					};
				};
			};
			buildConfigurationList = 0486860A1BE862D400EA7EF5 /* Build configuration list for PBXProject "UIScrollView02" */;
			compatibilityVersion = "Xcode 3.2";
			developmentRegion = English;
			hasScannedForEncodings = 0;
			knownRegions = (
				en,
				Base,
			);
			mainGroup = 048686061BE862D400EA7EF5;
			productRefGroup = 048686101BE862D400EA7EF5 /* Products */;
			projectDirPath = "";
			projectRoot = "";
			targets = (
				0486860E1BE862D400EA7EF5 /* UIScrollView02 */,
				048686271BE862D400EA7EF5 /* UIScrollView02Tests */,
				048686321BE862D400EA7EF5 /* UIScrollView02UITests */,
			);
		};
/* End PBXProject section */

/* Begin PBXResourcesBuildPhase section */
		0486860D1BE862D400EA7EF5 /* Resources */ = {
			isa = PBXResourcesBuildPhase;
			buildActionMask = 2147483647;
			files = (
				0486864B1BE862E000EA7EF5 /* 2.jpg in Resources */,
				048686491BE862E000EA7EF5 /* 0.jpg in Resources */,
				048686221BE862D400EA7EF5 /* LaunchScreen.storyboard in Resources */,
				0486861F1BE862D400EA7EF5 /* Assets.xcassets in Resources */,
				0486861D1BE862D400EA7EF5 /* Main.storyboard in Resources */,
				0486864C1BE862E000EA7EF5 /* 3.jpg in Resources */,
				0486864A1BE862E000EA7EF5 /* 1.jpg in Resources */,
			);
			runOnlyForDeploymentPostprocessing = 0;
		};
		048686261BE862D400EA7EF5 /* Resources */ = {
			isa = PBXResourcesBuildPhase;
			buildActionMask = 2147483647;
			files = (
			);
			runOnlyForDeploymentPostprocessing = 0;
		};
		048686311BE862D400EA7EF5 /* Resources */ = {
			isa = PBXResourcesBuildPhase;
			buildActionMask = 2147483647;
			files = (
			);
			runOnlyForDeploymentPostprocessing = 0;
		};
/* End PBXResourcesBuildPhase section */

/* Begin PBXSourcesBuildPhase section */
		0486860B1BE862D400EA7EF5 /* Sources */ = {
			isa = PBXSourcesBuildPhase;
			buildActionMask = 2147483647;
			files = (
				0486861A1BE862D400EA7EF5 /* ViewController.m in Sources */,
				048686171BE862D400EA7EF5 /* AppDelegate.m in Sources */,
				048686141BE862D400EA7EF5 /* main.m in Sources */,
			);
			runOnlyForDeploymentPostprocessing = 0;
		};
		048686241BE862D400EA7EF5 /* Sources */ = {
			isa = PBXSourcesBuildPhase;
			buildActionMask = 2147483647;
			files = (
				0486862D1BE862D400EA7EF5 /* UIScrollView02Tests.m in Sources */,
			);
			runOnlyForDeploymentPostprocessing = 0;
		};
		0486862F1BE862D400EA7EF5 /* Sources */ = {
			isa = PBXSourcesBuildPhase;
			buildActionMask = 2147483647;
			files = (
				048686381BE862D400EA7EF5 /* UIScrollView02UITests.m in Sources */,
			);
			runOnlyForDeploymentPostprocessing = 0;
		};
/* End PBXSourcesBuildPhase section */

/* Begin PBXTargetDependency section */
		0486862A1BE862D400EA7EF5 /* PBXTargetDependency */ = {
			isa = PBXTargetDependency;
			target = 0486860E1BE862D400EA7EF5 /* UIScrollView02 */;
			targetProxy = 048686291BE862D400EA7EF5 /* PBXContainerItemProxy */;
		};
		048686351BE862D400EA7EF5 /* PBXTargetDependency */ = {
			isa = PBXTargetDependency;
			target = 0486860E1BE862D400EA7EF5 /* UIScrollView02 */;
			targetProxy = 048686341BE862D400EA7EF5 /* PBXContainerItemProxy */;
		};
/* End PBXTargetDependency section */

/* Begin PBXVariantGroup section */
		0486861B1BE862D400EA7EF5 /* Main.storyboard */ = {
			isa = PBXVariantGroup;
			children = (
				0486861C1BE862D400EA7EF5 /* Base */,
			);
			name = Main.storyboard;
			sourceTree = "<group>";
		};
		048686201BE862D400EA7EF5 /* LaunchScreen.storyboard */ = {
			isa = PBXVariantGroup;
			children = (
				048686211BE862D400EA7EF5 /* Base */,
			);
			name = LaunchScreen.storyboard;
			sourceTree = "<group>";
		};
/* End PBXVariantGroup section */

/* Begin XCBuildConfiguration section */
		0486863A1BE862D400EA7EF5 /* Debug */ = {
			isa = XCBuildConfiguration;
			buildSettings = {
				ALWAYS_SEARCH_USER_PATHS = NO;
				CLANG_CXX_LANGUAGE_STANDARD = "gnu++0x";
				CLANG_CXX_LIBRARY = "libc++";
				CLANG_ENABLE_MODULES = YES;
				CLANG_ENABLE_OBJC_ARC = YES;
				CLANG_WARN_BOOL_CONVERSION = YES;
				CLANG_WARN_CONSTANT_CONVERSION = YES;
				CLANG_WARN_DIRECT_OBJC_ISA_USAGE = YES_ERROR;
				CLANG_WARN_EMPTY_BODY = YES;
				CLANG_WARN_ENUM_CONVERSION = YES;
				CLANG_WARN_INT_CONVERSION = YES;
				CLANG_WARN_OBJC_ROOT_CLASS = YES_ERROR;
				CLANG_WARN_UNREACHABLE_CODE = YES;
				CLANG_WARN__DUPLICATE_METHOD_MATCH = YES;
				"CODE_SIGN_IDENTITY[sdk=iphoneos*]" = "iPhone Developer";
				COPY_PHASE_STRIP = NO;
				DEBUG_INFORMATION_FORMAT = dwarf;
				ENABLE_STRICT_OBJC_MSGSEND = YES;
				ENABLE_TESTABILITY = YES;
				GCC_C_LANGUAGE_STANDARD = gnu99;
				GCC_DYNAMIC_NO_PIC = NO;
				GCC_NO_COMMON_BLOCKS = YES;
				GCC_OPTIMIZATION_LEVEL = 0;
				GCC_PREPROCESSOR_DEFINITIONS = (
					"DEBUG=1",
					"$(inherited)",
				);
				GCC_WARN_64_TO_32_BIT_CONVERSION = YES;
				GCC_WARN_ABOUT_RETURN_TYPE = YES_ERROR;
				GCC_WARN_UNDECLARED_SELECTOR = YES;
				GCC_WARN_UNINITIALIZED_AUTOS = YES_AGGRESSIVE;
				GCC_WARN_UNUSED_FUNCTION = YES;
				GCC_WARN_UNUSED_VARIABLE = YES;
				IPHONEOS_DEPLOYMENT_TARGET = 9.1;
				MTL_ENABLE_DEBUG_INFO = YES;
				ONLY_ACTIVE_ARCH = YES;
				SDKROOT = iphoneos;
				TARGETED_DEVICE_FAMILY = "1,2";
			};
			name = Debug;
		};
		0486863B1BE862D400EA7EF5 /* Release */ = {
			isa = XCBuildConfiguration;
			buildSettings = {
				ALWAYS_SEARCH_USER_PATHS = NO;
				CLANG_CXX_LANGUAGE_STANDARD = "gnu++0x";
				CLANG_CXX_LIBRARY = "libc++";
				CLANG_ENABLE_MODULES = YES;
				CLANG_ENABLE_OBJC_ARC = YES;
				CLANG_WARN_BOOL_CONVERSION = YES;
				CLANG_WARN_CONSTANT_CONVERSION = YES;
				CLANG_WARN_DIRECT_OBJC_ISA_USAGE = YES_ERROR;
				CLANG_WARN_EMPTY_BODY = YES;
				CLANG_WARN_ENUM_CONVERSION = YES;
				CLANG_WARN_INT_CONVERSION = YES;
				CLANG_WARN_OBJC_ROOT_CLASS = YES_ERROR;
				CLANG_WARN_UNREACHABLE_CODE = YES;
				CLANG_WARN__DUPLICATE_METHOD_MATCH = YES;
				"CODE_SIGN_IDENTITY[sdk=iphoneos*]" = "iPhone Developer";
				COPY_PHASE_STRIP = NO;
				DEBUG_INFORMATION_FORMAT = "dwarf-with-dsym";
				ENABLE_NS_ASSERTIONS = NO;
				ENABLE_STRICT_OBJC_MSGSEND = YES;
				GCC_C_LANGUAGE_STANDARD = gnu99;
				GCC_NO_COMMON_BLOCKS = YES;
				GCC_WARN_64_TO_32_BIT_CONVERSION = YES;
				GCC_WARN_ABOUT_RETURN_TYPE = YES_ERROR;
				GCC_WARN_UNDECLARED_SELECTOR = YES;
				GCC_WARN_UNINITIALIZED_AUTOS = YES_AGGRESSIVE;
				GCC_WARN_UNUSED_FUNCTION = YES;
				GCC_WARN_UNUSED_VARIABLE = YES;
				IPHONEOS_DEPLOYMENT_TARGET = 9.1;
				MTL_ENABLE_DEBUG_INFO = NO;
				SDKROOT = iphoneos;
				TARGETED_DEVICE_FAMILY = "1,2";
				VALIDATE_PRODUCT = YES;
			};
			name = Release;
		};
		0486863D1BE862D400EA7EF5 /* Debug */ = {
			isa = XCBuildConfiguration;
			buildSettings = {
				ASSETCATALOG_COMPILER_APPICON_NAME = AppIcon;
				INFOPLIST_FILE = UIScrollView02/Info.plist;
				LD_RUNPATH_SEARCH_PATHS = "$(inherited) @executable_path/Frameworks";
				PRODUCT_BUNDLE_IDENTIFIER = LQ.UIScrollView02;
				PRODUCT_NAME = "$(TARGET_NAME)";
			};
			name = Debug;
		};
		0486863E1BE862D400EA7EF5 /* Release */ = {
			isa = XCBuildConfiguration;
			buildSettings = {
				ASSETCATALOG_COMPILER_APPICON_NAME = AppIcon;
				INFOPLIST_FILE = UIScrollView02/Info.plist;
				LD_RUNPATH_SEARCH_PATHS = "$(inherited) @executable_path/Frameworks";
				PRODUCT_BUNDLE_IDENTIFIER = LQ.UIScrollView02;
				PRODUCT_NAME = "$(TARGET_NAME)";
			};
			name = Release;
		};
		048686401BE862D400EA7EF5 /* Debug */ = {
			isa = XCBuildConfiguration;
			buildSettings = {
				BUNDLE_LOADER = "$(TEST_HOST)";
				INFOPLIST_FILE = UIScrollView02Tests/Info.plist;
				LD_RUNPATH_SEARCH_PATHS = "$(inherited) @executable_path/Frameworks @loader_path/Frameworks";
				PRODUCT_BUNDLE_IDENTIFIER = LQ.UIScrollView02Tests;
				PRODUCT_NAME = "$(TARGET_NAME)";
				TEST_HOST = "$(BUILT_PRODUCTS_DIR)/UIScrollView02.app/UIScrollView02";
			};
			name = Debug;
		};
		048686411BE862D400EA7EF5 /* Release */ = {
			isa = XCBuildConfiguration;
			buildSettings = {
				BUNDLE_LOADER = "$(TEST_HOST)";
				INFOPLIST_FILE = UIScrollView02Tests/Info.plist;
				LD_RUNPATH_SEARCH_PATHS = "$(inherited) @executable_path/Frameworks @loader_path/Frameworks";
				PRODUCT_BUNDLE_IDENTIFIER = LQ.UIScrollView02Tests;
				PRODUCT_NAME = "$(TARGET_NAME)";
				TEST_HOST = "$(BUILT_PRODUCTS_DIR)/UIScrollView02.app/UIScrollView02";
			};
			name = Release;
		};
		048686431BE862D400EA7EF5 /* Debug */ = {
			isa = XCBuildConfiguration;
			buildSettings = {
				INFOPLIST_FILE = UIScrollView02UITests/Info.plist;
				LD_RUNPATH_SEARCH_PATHS = "$(inherited) @executable_path/Frameworks @loader_path/Frameworks";
				PRODUCT_BUNDLE_IDENTIFIER = LQ.UIScrollView02UITests;
				PRODUCT_NAME = "$(TARGET_NAME)";
				TEST_TARGET_NAME = UIScrollView02;
				USES_XCTRUNNER = YES;
			};
			name = Debug;
		};
		048686441BE862D400EA7EF5 /* Release */ = {
			isa = XCBuildConfiguration;
			buildSettings = {
				INFOPLIST_FILE = UIScrollView02UITests/Info.plist;
				LD_RUNPATH_SEARCH_PATHS = "$(inherited) @executable_path/Frameworks @loader_path/Frameworks";
				PRODUCT_BUNDLE_IDENTIFIER = LQ.UIScrollView02UITests;
				PRODUCT_NAME = "$(TARGET_NAME)";
				TEST_TARGET_NAME = UIScrollView02;
				USES_XCTRUNNER = YES;
			};
			name = Release;
		};
/* End XCBuildConfiguration section */

/* Begin XCConfigurationList section */
		0486860A1BE862D400EA7EF5 /* Build configuration list for PBXProject "UIScrollView02" */ = {
			isa = XCConfigurationList;
			buildConfigurations = (
				0486863A1BE862D400EA7EF5 /* Debug */,
				0486863B1BE862D400EA7EF5 /* Release */,
			);
			defaultConfigurationIsVisible = 0;
			defaultConfigurationName = Release;
		};
		0486863C1BE862D400EA7EF5 /* Build configuration list for PBXNativeTarget "UIScrollView02" */ = {
			isa = XCConfigurationList;
			buildConfigurations = (
				0486863D1BE862D400EA7EF5 /* Debug */,
				0486863E1BE862D400EA7EF5 /* Release */,
			);
			defaultConfigurationIsVisible = 0;
		};
		0486863F1BE862D400EA7EF5 /* Build configuration list for PBXNativeTarget "UIScrollView02Tests" */ = {
			isa = XCConfigurationList;
			buildConfigurations = (
				048686401BE862D400EA7EF5 /* Debug */,
				048686411BE862D400EA7EF5 /* Release */,
			);
			defaultConfigurationIsVisible = 0;
		};
		048686421BE862D400EA7EF5 /* Build configuration list for PBXNativeTarget "UIScrollView02UITests" */ = {
			isa = XCConfigurationList;
			buildConfigurations = (
				048686431BE862D400EA7EF5 /* Debug */,
				048686441BE862D400EA7EF5 /* Release */,
			);
			defaultConfigurationIsVisible = 0;
		};
/* End XCConfigurationList section */
	};
	rootObject = 048686071BE862D400EA7EF5 /* Project object */;
}
